
Microsoft Visual Studio Solution File, Format Version 12.00
# Visual Studio Version 17
VisualStudioVersion = 17.4.33213.308
MinimumVisualStudioVersion = 10.0.40219.1
Project("{9A19103F-16F7-4668-BE54-9A1E7A4F7556}") = "HotelReservationManager.Web", "HotelReservationManager.Web\HotelReservationManager.Web.csproj", "{2A53E9AF-6E81-4192-A68C-2710AEA51A15}"
EndProject
Project("{9A19103F-16F7-4668-BE54-9A1E7A4F7556}") = "HotelReservationManager.Data", "HotelReservationManager.Data\HotelReservationManager.Data.csproj", "{8F75F089-02F4-40C7-9734-4373ACC4CA28}"
EndProject
Project("{9A19103F-16F7-4668-BE54-9A1E7A4F7556}") = "HotelReservationManager.Services", "HotelReservationManager.Services\HotelReservationManager.Services.csproj", "{5E286401-ADD2-4F38-B503-8529DB39B0D7}"
EndProject
Project("{9A19103F-16F7-4668-BE54-9A1E7A4F7556}") = "HotelReservationManager.Data.Models", "HotelReservationManager.Data.Models\HotelReservationManager.Data.Models.csproj", "{13600799-D8A4-46C1-A1BD-6A5AC6219B20}"
EndProject
Project("{9A19103F-16F7-4668-BE54-9A1E7A4F7556}") = "HotelReservationManager.ViewModels", "HotelReservationManager.ViewModels\HotelReservationManager.ViewModels.csproj", "{6A3AFF31-FEB0-4584-930F-6502C88F8B98}"
EndProject
Global
	GlobalSection(SolutionConfigurationPlatforms) = preSolution
		Debug|Any CPU = Debug|Any CPU
		Release|Any CPU = Release|Any CPU
	EndGlobalSection
	GlobalSection(ProjectConfigurationPlatforms) = postSolution
		{2A53E9AF-6E81-4192-A68C-2710AEA51A15}.Debug|Any CPU.ActiveCfg = Debug|Any CPU
		{2A53E9AF-6E81-4192-A68C-2710AEA51A15}.Debug|Any CPU.Build.0 = Debug|Any CPU
		{2A53E9AF-6E81-4192-A68C-2710AEA51A15}.Release|Any CPU.ActiveCfg = Release|Any CPU
		{2A53E9AF-6E81-4192-A68C-2710AEA51A15}.Release|Any CPU.Build.0 = Release|Any CPU
		{8F75F089-02F4-40C7-9734-4373ACC4CA28}.Debug|Any CPU.ActiveCfg = Debug|Any CPU
		{8F75F089-02F4-40C7-9734-4373ACC4CA28}.Debug|Any CPU.Build.0 = Debug|Any CPU
		{8F75F089-02F4-40C7-9734-4373ACC4CA28}.Release|Any CPU.ActiveCfg = Release|Any CPU
		{8F75F089-02F4-40C7-9734-4373ACC4CA28}.Release|Any CPU.Build.0 = Release|Any CPU
		{5E286401-ADD2-4F38-B503-8529DB39B0D7}.Debug|Any CPU.ActiveCfg = Debug|Any CPU
		{5E286401-ADD2-4F38-B503-8529DB39B0D7}.Debug|Any CPU.Build.0 = Debug|Any CPU
		{5E286401-ADD2-4F38-B503-8529DB39B0D7}.Release|Any CPU.ActiveCfg = Release|Any CPU
		{5E286401-ADD2-4F38-B503-8529DB39B0D7}.Release|Any CPU.Build.0 = Release|Any CPU
		{13600799-D8A4-46C1-A1BD-6A5AC6219B20}.Debug|Any CPU.ActiveCfg = Debug|Any CPU
		{13600799-D8A4-46C1-A1BD-6A5AC6219B20}.Debug|Any CPU.Build.0 = Debug|Any CPU
		{13600799-D8A4-46C1-A1BD-6A5AC6219B20}.Release|Any CPU.ActiveCfg = Release|Any CPU
		{13600799-D8A4-46C1-A1BD-6A5AC6219B20}.Release|Any CPU.Build.0 = Release|Any CPU
		{6A3AFF31-FEB0-4584-930F-6502C88F8B98}.Debug|Any CPU.ActiveCfg = Debug|Any CPU
		{6A3AFF31-FEB0-4584-930F-6502C88F8B98}.Debug|Any CPU.Build.0 = Debug|Any CPU
		{6A3AFF31-FEB0-4584-930F-6502C88F8B98}.Release|Any CPU.ActiveCfg = Release|Any CPU
		{6A3AFF31-FEB0-4584-930F-6502C88F8B98}.Release|Any CPU.Build.0 = Release|Any CPU
	EndGlobalSection
	GlobalSection(SolutionProperties) = preSolution
		HideSolutionNode = FALSE
	EndGlobalSection
	GlobalSection(ExtensibilityGlobals) = postSolution
		SolutionGuid = {D20B2B92-5760-4770-BE50-5C9CD18ED3BE}
	EndGlobalSection
EndGlobal
